{
  "name": "gcphelp",
  "version": "1.2.0",
  "lockfileVersion": 1,
  "requires": true,
  "dependencies": {
    "@types/node": {
      "version": "14.0.27",
      "resolved": "https://registry.npmjs.org/@types/node/-/node-14.0.27.tgz",
      "integrity": "sha512-kVrqXhbclHNHGu9ztnAwSncIgJv/FaxmzXJvGXNdcCpV1b8u1/Mi6z6m0vwy0LzKeXFTPLH0NzwmoJ3fNCIq0g==",
      "dev": true
    },
    "@types/prompts": {
      "version": "2.0.8",
      "resolved": "https://registry.npmjs.org/@types/prompts/-/prompts-2.0.8.tgz",
      "integrity": "sha512-lXXAa8c8ASoA61Tj9H5E5V2mRUTvNZ/dpJ5KxghI+O5geWMHt73NLZ9kEBBDK7zUUfMsMY3ZH4Sqeqh3SjSyfg==",
      "dev": true,
      "requires": {
        "@types/node": "*"
      }
    },
    "is-docker": {
      "version": "2.0.0",
      "resolved": "https://registry.npmjs.org/is-docker/-/is-docker-2.0.0.tgz",
      "integrity": "sha512-pJEdRugimx4fBMra5z2/5iRdZ63OhYV0vr0Dwm5+xtW4D1FvRkB8hamMIhnWfyJeDdyr/aa7BDyNbtG38VxgoQ=="
    },
    "is-wsl": {
      "version": "2.2.0",
      "resolved": "https://registry.npmjs.org/is-wsl/-/is-wsl-2.2.0.tgz",
      "integrity": "sha512-fKzAra0rGJUUBwGBgNkHZuToZcn+TtXHpeCgmkMJMMYx1sQDYaCSyjJBSCa2nH1DGm7s3n1oBnohoVTBaN7Lww==",
      "requires": {
        "is-docker": "^2.0.0"
      }
    },
    "kleur": {
      "version": "3.0.1",
      "resolved": "https://registry.npmjs.org/kleur/-/kleur-3.0.1.tgz",
      "integrity": "sha512-P3kRv+B+Ra070ng2VKQqW4qW7gd/v3iD8sy/zOdcYRsfiD+QBokQNOps/AfP6Hr48cBhIIBFWckB9aO+IZhrWg=="
    },
    "open": {
      "version": "7.0.4",
      "resolved": "https://registry.npmjs.org/open/-/open-7.0.4.tgz",
      "integrity": "sha512-brSA+/yq+b08Hsr4c8fsEW2CRzk1BmfN3SAK/5VCHQ9bdoZJ4qa/+AfR0xHjlbbZUyPkUHs1b8x1RqdyZdkVqQ==",
      "requires": {
        "is-docker": "^2.0.0",
        "is-wsl": "^2.1.1"
      }
    },
    "prompts": {
      "version": "2.0.0",
      "resolved": "https://registry.npmjs.org/prompts/-/prompts-2.0.0.tgz",
      "integrity": "sha512-DG8VBhhzNKj/61pAFa02SBR+iOjU21uLTalRTBLLwHv1KcTQlgZloXQLMIWSXGaqk2Yq+Rd2GNtjPdUgYFcT0w==",
      "requires": {
        "kleur": "^3.0.0",
        "sisteransi": "^1.0.0"
      }
    },
    "sisteransi": {
      "version": "1.0.0",
      "resolved": "https://registry.npmjs.org/sisteransi/-/sisteransi-1.0.0.tgz",
      "integrity": "sha512-N+z4pHB4AmUv0SjveWRd6q1Nj5w62m5jodv+GD8lvmbY/83T/rpbJGZOnK5T149OldDj4Db07BSv9xY4K6NTPQ=="
    },
    "typescript": {
      "version": "3.9.7",
      "resolved": "https://registry.npmjs.org/typescript/-/typescript-3.9.7.tgz",
      "integrity": "sha512-BLbiRkiBzAwsjut4x/dsibSTB6yWpwT5qWmC2OfuCg3GgVQCSgMs4vEctYPhsaGtd0AeuuHMkjZ2h2WG8MSzRw==",
      "dev": true
    }
  }
}
