{
  "name": "gcphelp",
  "version": "1.1.0",
  "lockfileVersion": 1,
  "requires": true,
  "dependencies": {
    "kleur": {
      "version": "3.0.1",
      "resolved": "https://registry.npmjs.org/kleur/-/kleur-3.0.1.tgz",
      "integrity": "sha512-P3kRv+B+Ra070ng2VKQqW4qW7gd/v3iD8sy/zOdcYRsfiD+QBokQNOps/AfP6Hr48cBhIIBFWckB9aO+IZhrWg=="
    },
    "prompts": {
      "version": "2.0.0",
      "resolved": "https://registry.npmjs.org/prompts/-/prompts-2.0.0.tgz",
      "integrity": "sha512-DG8VBhhzNKj/61pAFa02SBR+iOjU21uLTalRTBLLwHv1KcTQlgZloXQLMIWSXGaqk2Yq+Rd2GNtjPdUgYFcT0w==",
      "requires": {
        "kleur": "^3.0.0",
        "sisteransi": "^1.0.0"
      }
    },
    "sisteransi": {
      "version": "1.0.0",
      "resolved": "https://registry.npmjs.org/sisteransi/-/sisteransi-1.0.0.tgz",
      "integrity": "sha512-N+z4pHB4AmUv0SjveWRd6q1Nj5w62m5jodv+GD8lvmbY/83T/rpbJGZOnK5T149OldDj4Db07BSv9xY4K6NTPQ=="
    }
  }
}
